
Microsoft Visual Studio Solution File, Format Version 12.00
# Visual Studio Version 16
VisualStudioVersion = 16.0.28531.58
MinimumVisualStudioVersion = 10.0.40219.1
Project("{FAE04EC0-301F-11D3-BF4B-00C04F79EFBC}") = "Storytime2.Server", "Storytime2\Storytime2.Server\Storytime2.Server.csproj", "{8B6B18D7-587B-4CF8-9657-3804DE50BC3D}"
EndProject
Project("{FAE04EC0-301F-11D3-BF4B-00C04F79EFBC}") = "Storytime2.App", "Storytime2\Storytime2.App\Storytime2.App.csproj", "{E9EACA5B-2932-4E14-9546-EC71EC8E5BD4}"
EndProject
Global
	GlobalSection(SolutionConfigurationPlatforms) = preSolution
		Debug|Any CPU = Debug|Any CPU
		Release|Any CPU = Release|Any CPU
	EndGlobalSection
	GlobalSection(ProjectConfigurationPlatforms) = postSolution
		{8B6B18D7-587B-4CF8-9657-3804DE50BC3D}.Debug|Any CPU.ActiveCfg = Debug|Any CPU
		{8B6B18D7-587B-4CF8-9657-3804DE50BC3D}.Debug|Any CPU.Build.0 = Debug|Any CPU
		{8B6B18D7-587B-4CF8-9657-3804DE50BC3D}.Release|Any CPU.ActiveCfg = Release|Any CPU
		{8B6B18D7-587B-4CF8-9657-3804DE50BC3D}.Release|Any CPU.Build.0 = Release|Any CPU
		{E9EACA5B-2932-4E14-9546-EC71EC8E5BD4}.Debug|Any CPU.ActiveCfg = Debug|Any CPU
		{E9EACA5B-2932-4E14-9546-EC71EC8E5BD4}.Debug|Any CPU.Build.0 = Debug|Any CPU
		{E9EACA5B-2932-4E14-9546-EC71EC8E5BD4}.Release|Any CPU.ActiveCfg = Release|Any CPU
		{E9EACA5B-2932-4E14-9546-EC71EC8E5BD4}.Release|Any CPU.Build.0 = Release|Any CPU
	EndGlobalSection
	GlobalSection(SolutionProperties) = preSolution
		HideSolutionNode = FALSE
	EndGlobalSection
	GlobalSection(ExtensibilityGlobals) = postSolution
		SolutionGuid = {D5DBF41B-83AD-411E-9237-34D7E1634DFA}
	EndGlobalSection
EndGlobal
